# This file is automatically @generated by Cargo.
# It is not intended for manual editing.
[[package]]
name = "mseg-bin"
version = "0.1.0"
dependencies = [
 "mseg-lib",
]

[[package]]
name = "mseg-lib"
version = "0.1.0"

[[package]]
name = "mseg-test"
version = "0.1.0"
dependencies = [
 "mseg-lib",
]
